
Microsoft Visual Studio Solution File, Format Version 12.00
# Visual Studio 15
VisualStudioVersion = 15.0.27130.2036
MinimumVisualStudioVersion = 10.0.40219.1
Project("{FAE04EC0-301F-11D3-BF4B-00C04F79EFBC}") = "BoxVox", "BoxVox\BoxVox.csproj", "{CC1B7E44-091B-497F-9B18-989447C3E94D}"
EndProject
Global
	GlobalSection(SolutionConfigurationPlatforms) = preSolution
		Debug|Any CPU = Debug|Any CPU
		Release|Any CPU = Release|Any CPU
	EndGlobalSection
	GlobalSection(ProjectConfigurationPlatforms) = postSolution
		{CC1B7E44-091B-497F-9B18-989447C3E94D}.Debug|Any CPU.ActiveCfg = Debug|Any CPU
		{CC1B7E44-091B-497F-9B18-989447C3E94D}.Debug|Any CPU.Build.0 = Debug|Any CPU
		{CC1B7E44-091B-497F-9B18-989447C3E94D}.Release|Any CPU.ActiveCfg = Release|Any CPU
		{CC1B7E44-091B-497F-9B18-989447C3E94D}.Release|Any CPU.Build.0 = Release|Any CPU
	EndGlobalSection
	GlobalSection(SolutionProperties) = preSolution
		HideSolutionNode = FALSE
	EndGlobalSection
	GlobalSection(ExtensibilityGlobals) = postSolution
		SolutionGuid = {D8DB5D21-1997-4A5B-91E9-98AE5CEFC0D3}
	EndGlobalSection
EndGlobal
